
Microsoft Visual Studio Solution File, Format Version 12.00
# Visual Studio 14
VisualStudioVersion = 14.0.24720.0
MinimumVisualStudioVersion = 10.0.40219.1
Project("{FAE04EC0-301F-11D3-BF4B-00C04F79EFBC}") = "AlgorithmsAndDataStructures", "AlgorithmsAndDataStructures\AlgorithmsAndDataStructures.csproj", "{56625ABA-F28B-4D31-86A6-5ECA8A82B674}"
EndProject
Project("{FAE04EC0-301F-11D3-BF4B-00C04F79EFBC}") = "Graphs", "Graphs\Graphs.csproj", "{B8E03FF4-BEC3-4DCC-80F7-737D6D80BF1B}"
EndProject
Project("{FAE04EC0-301F-11D3-BF4B-00C04F79EFBC}") = "StringSortingAlgorithms", "StringSortingAlgorithms\StringSortingAlgorithms.csproj", "{2A0DEECA-DC91-4937-B0CB-4E1CC1195923}"
EndProject
Project("{FAE04EC0-301F-11D3-BF4B-00C04F79EFBC}") = "FundamentalDataStructures", "FundamentalDataStructures\FundamentalDataStructures.csproj", "{704BC04F-70A3-44DC-82BA-BF5DB78B2FA1}"
EndProject
Project("{FAE04EC0-301F-11D3-BF4B-00C04F79EFBC}") = "Sorting", "Sorting\Sorting.csproj", "{CC504A0D-7C03-4326-840F-FC7FF385DB23}"
EndProject
Global
	GlobalSection(SolutionConfigurationPlatforms) = preSolution
		Debug|Any CPU = Debug|Any CPU
		Release|Any CPU = Release|Any CPU
	EndGlobalSection
	GlobalSection(ProjectConfigurationPlatforms) = postSolution
		{56625ABA-F28B-4D31-86A6-5ECA8A82B674}.Debug|Any CPU.ActiveCfg = Debug|Any CPU
		{56625ABA-F28B-4D31-86A6-5ECA8A82B674}.Debug|Any CPU.Build.0 = Debug|Any CPU
		{56625ABA-F28B-4D31-86A6-5ECA8A82B674}.Release|Any CPU.ActiveCfg = Release|Any CPU
		{56625ABA-F28B-4D31-86A6-5ECA8A82B674}.Release|Any CPU.Build.0 = Release|Any CPU
		{B8E03FF4-BEC3-4DCC-80F7-737D6D80BF1B}.Debug|Any CPU.ActiveCfg = Debug|Any CPU
		{B8E03FF4-BEC3-4DCC-80F7-737D6D80BF1B}.Debug|Any CPU.Build.0 = Debug|Any CPU
		{B8E03FF4-BEC3-4DCC-80F7-737D6D80BF1B}.Release|Any CPU.ActiveCfg = Release|Any CPU
		{B8E03FF4-BEC3-4DCC-80F7-737D6D80BF1B}.Release|Any CPU.Build.0 = Release|Any CPU
		{2A0DEECA-DC91-4937-B0CB-4E1CC1195923}.Debug|Any CPU.ActiveCfg = Debug|Any CPU
		{2A0DEECA-DC91-4937-B0CB-4E1CC1195923}.Debug|Any CPU.Build.0 = Debug|Any CPU
		{2A0DEECA-DC91-4937-B0CB-4E1CC1195923}.Release|Any CPU.ActiveCfg = Release|Any CPU
		{2A0DEECA-DC91-4937-B0CB-4E1CC1195923}.Release|Any CPU.Build.0 = Release|Any CPU
		{704BC04F-70A3-44DC-82BA-BF5DB78B2FA1}.Debug|Any CPU.ActiveCfg = Debug|Any CPU
		{704BC04F-70A3-44DC-82BA-BF5DB78B2FA1}.Debug|Any CPU.Build.0 = Debug|Any CPU
		{704BC04F-70A3-44DC-82BA-BF5DB78B2FA1}.Release|Any CPU.ActiveCfg = Release|Any CPU
		{704BC04F-70A3-44DC-82BA-BF5DB78B2FA1}.Release|Any CPU.Build.0 = Release|Any CPU
		{CC504A0D-7C03-4326-840F-FC7FF385DB23}.Debug|Any CPU.ActiveCfg = Debug|Any CPU
		{CC504A0D-7C03-4326-840F-FC7FF385DB23}.Debug|Any CPU.Build.0 = Debug|Any CPU
		{CC504A0D-7C03-4326-840F-FC7FF385DB23}.Release|Any CPU.ActiveCfg = Release|Any CPU
		{CC504A0D-7C03-4326-840F-FC7FF385DB23}.Release|Any CPU.Build.0 = Release|Any CPU
	EndGlobalSection
	GlobalSection(SolutionProperties) = preSolution
		HideSolutionNode = FALSE
	EndGlobalSection
EndGlobal
